
Microsoft Visual Studio Solution File, Format Version 12.00
# Visual Studio Version 17
VisualStudioVersion = 17.4.33213.308
MinimumVisualStudioVersion = 10.0.40219.1
Project("{FAE04EC0-301F-11D3-BF4B-00C04F79EFBC}") = "ex5", "ex5\ex5.csproj", "{5E137672-A567-4554-87A9-1B0B1B856BBF}"
EndProject
Global
	GlobalSection(SolutionConfigurationPlatforms) = preSolution
		Debug|Any CPU = Debug|Any CPU
		Release|Any CPU = Release|Any CPU
	EndGlobalSection
	GlobalSection(ProjectConfigurationPlatforms) = postSolution
		{5E137672-A567-4554-87A9-1B0B1B856BBF}.Debug|Any CPU.ActiveCfg = Debug|Any CPU
		{5E137672-A567-4554-87A9-1B0B1B856BBF}.Debug|Any CPU.Build.0 = Debug|Any CPU
		{5E137672-A567-4554-87A9-1B0B1B856BBF}.Release|Any CPU.ActiveCfg = Release|Any CPU
		{5E137672-A567-4554-87A9-1B0B1B856BBF}.Release|Any CPU.Build.0 = Release|Any CPU
	EndGlobalSection
	GlobalSection(SolutionProperties) = preSolution
		HideSolutionNode = FALSE
	EndGlobalSection
	GlobalSection(ExtensibilityGlobals) = postSolution
		SolutionGuid = {C0DEEB57-4652-48C9-811E-DD8EFAD50CFA}
	EndGlobalSection
EndGlobal
