
Microsoft Visual Studio Solution File, Format Version 12.00
# Visual Studio Version 17
VisualStudioVersion = 17.4.33213.308
MinimumVisualStudioVersion = 10.0.40219.1
Project("{FAE04EC0-301F-11D3-BF4B-00C04F79EFBC}") = "ExercicioComposicao", "ExercicioComposicao\ExercicioComposicao.csproj", "{B45833BE-1271-4A44-8C66-D68FBF030938}"
EndProject
Global
	GlobalSection(SolutionConfigurationPlatforms) = preSolution
		Debug|Any CPU = Debug|Any CPU
		Release|Any CPU = Release|Any CPU
	EndGlobalSection
	GlobalSection(ProjectConfigurationPlatforms) = postSolution
		{B45833BE-1271-4A44-8C66-D68FBF030938}.Debug|Any CPU.ActiveCfg = Debug|Any CPU
		{B45833BE-1271-4A44-8C66-D68FBF030938}.Debug|Any CPU.Build.0 = Debug|Any CPU
		{B45833BE-1271-4A44-8C66-D68FBF030938}.Release|Any CPU.ActiveCfg = Release|Any CPU
		{B45833BE-1271-4A44-8C66-D68FBF030938}.Release|Any CPU.Build.0 = Release|Any CPU
	EndGlobalSection
	GlobalSection(SolutionProperties) = preSolution
		HideSolutionNode = FALSE
	EndGlobalSection
	GlobalSection(ExtensibilityGlobals) = postSolution
		SolutionGuid = {2CC8C6E0-0A7B-48B1-902C-0892A52F54C1}
	EndGlobalSection
EndGlobal
