
Microsoft Visual Studio Solution File, Format Version 12.00
# Visual Studio Version 17
VisualStudioVersion = 17.4.33213.308
MinimumVisualStudioVersion = 10.0.40219.1
Project("{FAE04EC0-301F-11D3-BF4B-00C04F79EFBC}") = "ex3", "ex3\ex3.csproj", "{22EADB87-7B79-48CE-8C36-641670F9CBD3}"
EndProject
Global
	GlobalSection(SolutionConfigurationPlatforms) = preSolution
		Debug|Any CPU = Debug|Any CPU
		Release|Any CPU = Release|Any CPU
	EndGlobalSection
	GlobalSection(ProjectConfigurationPlatforms) = postSolution
		{22EADB87-7B79-48CE-8C36-641670F9CBD3}.Debug|Any CPU.ActiveCfg = Debug|Any CPU
		{22EADB87-7B79-48CE-8C36-641670F9CBD3}.Debug|Any CPU.Build.0 = Debug|Any CPU
		{22EADB87-7B79-48CE-8C36-641670F9CBD3}.Release|Any CPU.ActiveCfg = Release|Any CPU
		{22EADB87-7B79-48CE-8C36-641670F9CBD3}.Release|Any CPU.Build.0 = Release|Any CPU
	EndGlobalSection
	GlobalSection(SolutionProperties) = preSolution
		HideSolutionNode = FALSE
	EndGlobalSection
	GlobalSection(ExtensibilityGlobals) = postSolution
		SolutionGuid = {6AAD064E-A221-4296-BC80-4687C6BE11AF}
	EndGlobalSection
EndGlobal
