
Microsoft Visual Studio Solution File, Format Version 12.00
# Visual Studio Version 17
VisualStudioVersion = 17.4.33213.308
MinimumVisualStudioVersion = 10.0.40219.1
Project("{FAE04EC0-301F-11D3-BF4B-00C04F79EFBC}") = "ex6", "ex6\ex6.csproj", "{0B4FB8A3-0367-480C-B720-43DF103A988C}"
EndProject
Global
	GlobalSection(SolutionConfigurationPlatforms) = preSolution
		Debug|Any CPU = Debug|Any CPU
		Release|Any CPU = Release|Any CPU
	EndGlobalSection
	GlobalSection(ProjectConfigurationPlatforms) = postSolution
		{0B4FB8A3-0367-480C-B720-43DF103A988C}.Debug|Any CPU.ActiveCfg = Debug|Any CPU
		{0B4FB8A3-0367-480C-B720-43DF103A988C}.Debug|Any CPU.Build.0 = Debug|Any CPU
		{0B4FB8A3-0367-480C-B720-43DF103A988C}.Release|Any CPU.ActiveCfg = Release|Any CPU
		{0B4FB8A3-0367-480C-B720-43DF103A988C}.Release|Any CPU.Build.0 = Release|Any CPU
	EndGlobalSection
	GlobalSection(SolutionProperties) = preSolution
		HideSolutionNode = FALSE
	EndGlobalSection
	GlobalSection(ExtensibilityGlobals) = postSolution
		SolutionGuid = {98B9373E-6C49-4E41-BA3E-B73E9E2581B1}
	EndGlobalSection
EndGlobal
