
Microsoft Visual Studio Solution File, Format Version 12.00
# Visual Studio Version 17
VisualStudioVersion = 17.4.33213.308
MinimumVisualStudioVersion = 10.0.40219.1
Project("{FAE04EC0-301F-11D3-BF4B-00C04F79EFBC}") = "ex3", "ex3\ex3.csproj", "{6E95C231-B1EB-45A6-A4A4-8FDA9BEA2FE8}"
EndProject
Global
	GlobalSection(SolutionConfigurationPlatforms) = preSolution
		Debug|Any CPU = Debug|Any CPU
		Release|Any CPU = Release|Any CPU
	EndGlobalSection
	GlobalSection(ProjectConfigurationPlatforms) = postSolution
		{6E95C231-B1EB-45A6-A4A4-8FDA9BEA2FE8}.Debug|Any CPU.ActiveCfg = Debug|Any CPU
		{6E95C231-B1EB-45A6-A4A4-8FDA9BEA2FE8}.Debug|Any CPU.Build.0 = Debug|Any CPU
		{6E95C231-B1EB-45A6-A4A4-8FDA9BEA2FE8}.Release|Any CPU.ActiveCfg = Release|Any CPU
		{6E95C231-B1EB-45A6-A4A4-8FDA9BEA2FE8}.Release|Any CPU.Build.0 = Release|Any CPU
	EndGlobalSection
	GlobalSection(SolutionProperties) = preSolution
		HideSolutionNode = FALSE
	EndGlobalSection
	GlobalSection(ExtensibilityGlobals) = postSolution
		SolutionGuid = {35A261B6-3411-4929-ABAD-614362929F63}
	EndGlobalSection
EndGlobal
