
Microsoft Visual Studio Solution File, Format Version 12.00
# Visual Studio Version 17
VisualStudioVersion = 17.4.33213.308
MinimumVisualStudioVersion = 10.0.40219.1
Project("{FAE04EC0-301F-11D3-BF4B-00C04F79EFBC}") = "ExcecoesPersonalizadas", "ExcecoesPersonalizadas\ExcecoesPersonalizadas.csproj", "{35C0C1DF-F303-42F2-8E19-36212E5FD322}"
EndProject
Global
	GlobalSection(SolutionConfigurationPlatforms) = preSolution
		Debug|Any CPU = Debug|Any CPU
		Release|Any CPU = Release|Any CPU
	EndGlobalSection
	GlobalSection(ProjectConfigurationPlatforms) = postSolution
		{35C0C1DF-F303-42F2-8E19-36212E5FD322}.Debug|Any CPU.ActiveCfg = Debug|Any CPU
		{35C0C1DF-F303-42F2-8E19-36212E5FD322}.Debug|Any CPU.Build.0 = Debug|Any CPU
		{35C0C1DF-F303-42F2-8E19-36212E5FD322}.Release|Any CPU.ActiveCfg = Release|Any CPU
		{35C0C1DF-F303-42F2-8E19-36212E5FD322}.Release|Any CPU.Build.0 = Release|Any CPU
	EndGlobalSection
	GlobalSection(SolutionProperties) = preSolution
		HideSolutionNode = FALSE
	EndGlobalSection
	GlobalSection(ExtensibilityGlobals) = postSolution
		SolutionGuid = {867A0998-E3DF-448C-B66A-CA66C0585CF4}
	EndGlobalSection
EndGlobal
