
Microsoft Visual Studio Solution File, Format Version 12.00
# Visual Studio Version 17
VisualStudioVersion = 17.4.33213.308
MinimumVisualStudioVersion = 10.0.40219.1
Project("{FAE04EC0-301F-11D3-BF4B-00C04F79EFBC}") = "ex1", "ex1\ex1.csproj", "{BA3CDF3D-5D2A-4973-9F7D-8F40CE4E4F1D}"
EndProject
Global
	GlobalSection(SolutionConfigurationPlatforms) = preSolution
		Debug|Any CPU = Debug|Any CPU
		Release|Any CPU = Release|Any CPU
	EndGlobalSection
	GlobalSection(ProjectConfigurationPlatforms) = postSolution
		{BA3CDF3D-5D2A-4973-9F7D-8F40CE4E4F1D}.Debug|Any CPU.ActiveCfg = Debug|Any CPU
		{BA3CDF3D-5D2A-4973-9F7D-8F40CE4E4F1D}.Debug|Any CPU.Build.0 = Debug|Any CPU
		{BA3CDF3D-5D2A-4973-9F7D-8F40CE4E4F1D}.Release|Any CPU.ActiveCfg = Release|Any CPU
		{BA3CDF3D-5D2A-4973-9F7D-8F40CE4E4F1D}.Release|Any CPU.Build.0 = Release|Any CPU
	EndGlobalSection
	GlobalSection(SolutionProperties) = preSolution
		HideSolutionNode = FALSE
	EndGlobalSection
	GlobalSection(ExtensibilityGlobals) = postSolution
		SolutionGuid = {5E5CECB0-B7C8-43DE-9154-ED3D756AE15B}
	EndGlobalSection
EndGlobal
