
Microsoft Visual Studio Solution File, Format Version 12.00
# Visual Studio Version 17
VisualStudioVersion = 17.4.33213.308
MinimumVisualStudioVersion = 10.0.40219.1
Project("{FAE04EC0-301F-11D3-BF4B-00C04F79EFBC}") = "ex1", "ex1\ex1.csproj", "{AEC7194C-5B43-4EAA-A7FC-1419DEE292D9}"
EndProject
Global
	GlobalSection(SolutionConfigurationPlatforms) = preSolution
		Debug|Any CPU = Debug|Any CPU
		Release|Any CPU = Release|Any CPU
	EndGlobalSection
	GlobalSection(ProjectConfigurationPlatforms) = postSolution
		{AEC7194C-5B43-4EAA-A7FC-1419DEE292D9}.Debug|Any CPU.ActiveCfg = Debug|Any CPU
		{AEC7194C-5B43-4EAA-A7FC-1419DEE292D9}.Debug|Any CPU.Build.0 = Debug|Any CPU
		{AEC7194C-5B43-4EAA-A7FC-1419DEE292D9}.Release|Any CPU.ActiveCfg = Release|Any CPU
		{AEC7194C-5B43-4EAA-A7FC-1419DEE292D9}.Release|Any CPU.Build.0 = Release|Any CPU
	EndGlobalSection
	GlobalSection(SolutionProperties) = preSolution
		HideSolutionNode = FALSE
	EndGlobalSection
	GlobalSection(ExtensibilityGlobals) = postSolution
		SolutionGuid = {45024BCA-2BEF-44E6-9BF0-645863AE3A63}
	EndGlobalSection
EndGlobal
