
Microsoft Visual Studio Solution File, Format Version 12.00
# Visual Studio Version 17
VisualStudioVersion = 17.4.33213.308
MinimumVisualStudioVersion = 10.0.40219.1
Project("{FAE04EC0-301F-11D3-BF4B-00C04F79EFBC}") = "ex4", "ex4\ex4.csproj", "{ADAFF36E-3B38-4DBF-BB04-D78933B691BF}"
EndProject
Global
	GlobalSection(SolutionConfigurationPlatforms) = preSolution
		Debug|Any CPU = Debug|Any CPU
		Release|Any CPU = Release|Any CPU
	EndGlobalSection
	GlobalSection(ProjectConfigurationPlatforms) = postSolution
		{ADAFF36E-3B38-4DBF-BB04-D78933B691BF}.Debug|Any CPU.ActiveCfg = Debug|Any CPU
		{ADAFF36E-3B38-4DBF-BB04-D78933B691BF}.Debug|Any CPU.Build.0 = Debug|Any CPU
		{ADAFF36E-3B38-4DBF-BB04-D78933B691BF}.Release|Any CPU.ActiveCfg = Release|Any CPU
		{ADAFF36E-3B38-4DBF-BB04-D78933B691BF}.Release|Any CPU.Build.0 = Release|Any CPU
	EndGlobalSection
	GlobalSection(SolutionProperties) = preSolution
		HideSolutionNode = FALSE
	EndGlobalSection
	GlobalSection(ExtensibilityGlobals) = postSolution
		SolutionGuid = {F0725E34-97B0-425A-AB36-17A4789B13D8}
	EndGlobalSection
EndGlobal
