
Microsoft Visual Studio Solution File, Format Version 12.00
# Visual Studio Version 17
VisualStudioVersion = 17.4.33213.308
MinimumVisualStudioVersion = 10.0.40219.1
Project("{FAE04EC0-301F-11D3-BF4B-00C04F79EFBC}") = "Strings", "Strings\Strings.csproj", "{F35167B4-C6DB-45F0-BC94-92EACCB028FC}"
EndProject
Global
	GlobalSection(SolutionConfigurationPlatforms) = preSolution
		Debug|Any CPU = Debug|Any CPU
		Release|Any CPU = Release|Any CPU
	EndGlobalSection
	GlobalSection(ProjectConfigurationPlatforms) = postSolution
		{F35167B4-C6DB-45F0-BC94-92EACCB028FC}.Debug|Any CPU.ActiveCfg = Debug|Any CPU
		{F35167B4-C6DB-45F0-BC94-92EACCB028FC}.Debug|Any CPU.Build.0 = Debug|Any CPU
		{F35167B4-C6DB-45F0-BC94-92EACCB028FC}.Release|Any CPU.ActiveCfg = Release|Any CPU
		{F35167B4-C6DB-45F0-BC94-92EACCB028FC}.Release|Any CPU.Build.0 = Release|Any CPU
	EndGlobalSection
	GlobalSection(SolutionProperties) = preSolution
		HideSolutionNode = FALSE
	EndGlobalSection
	GlobalSection(ExtensibilityGlobals) = postSolution
		SolutionGuid = {1B198C9C-517D-43D1-B0FD-0A9C045346CD}
	EndGlobalSection
EndGlobal
