
Microsoft Visual Studio Solution File, Format Version 12.00
# Visual Studio Version 17
VisualStudioVersion = 17.4.33213.308
MinimumVisualStudioVersion = 10.0.40219.1
Project("{FAE04EC0-301F-11D3-BF4B-00C04F79EFBC}") = "ex6", "ex6\ex6.csproj", "{249C3953-4D1C-4450-8C0D-6F87325F2711}"
EndProject
Global
	GlobalSection(SolutionConfigurationPlatforms) = preSolution
		Debug|Any CPU = Debug|Any CPU
		Release|Any CPU = Release|Any CPU
	EndGlobalSection
	GlobalSection(ProjectConfigurationPlatforms) = postSolution
		{249C3953-4D1C-4450-8C0D-6F87325F2711}.Debug|Any CPU.ActiveCfg = Debug|Any CPU
		{249C3953-4D1C-4450-8C0D-6F87325F2711}.Debug|Any CPU.Build.0 = Debug|Any CPU
		{249C3953-4D1C-4450-8C0D-6F87325F2711}.Release|Any CPU.ActiveCfg = Release|Any CPU
		{249C3953-4D1C-4450-8C0D-6F87325F2711}.Release|Any CPU.Build.0 = Release|Any CPU
	EndGlobalSection
	GlobalSection(SolutionProperties) = preSolution
		HideSolutionNode = FALSE
	EndGlobalSection
	GlobalSection(ExtensibilityGlobals) = postSolution
		SolutionGuid = {DB022EEF-D693-409F-9DCA-8C64A218A077}
	EndGlobalSection
EndGlobal
