
Microsoft Visual Studio Solution File, Format Version 12.00
# Visual Studio Version 17
VisualStudioVersion = 17.4.33213.308
MinimumVisualStudioVersion = 10.0.40219.1
Project("{FAE04EC0-301F-11D3-BF4B-00C04F79EFBC}") = "ex3", "ex3\ex3.csproj", "{ED798691-CDFA-4E19-A686-A5B4A1843236}"
EndProject
Global
	GlobalSection(SolutionConfigurationPlatforms) = preSolution
		Debug|Any CPU = Debug|Any CPU
		Release|Any CPU = Release|Any CPU
	EndGlobalSection
	GlobalSection(ProjectConfigurationPlatforms) = postSolution
		{ED798691-CDFA-4E19-A686-A5B4A1843236}.Debug|Any CPU.ActiveCfg = Debug|Any CPU
		{ED798691-CDFA-4E19-A686-A5B4A1843236}.Debug|Any CPU.Build.0 = Debug|Any CPU
		{ED798691-CDFA-4E19-A686-A5B4A1843236}.Release|Any CPU.ActiveCfg = Release|Any CPU
		{ED798691-CDFA-4E19-A686-A5B4A1843236}.Release|Any CPU.Build.0 = Release|Any CPU
	EndGlobalSection
	GlobalSection(SolutionProperties) = preSolution
		HideSolutionNode = FALSE
	EndGlobalSection
	GlobalSection(ExtensibilityGlobals) = postSolution
		SolutionGuid = {E124CC02-4EC9-4340-9F05-494E8D944534}
	EndGlobalSection
EndGlobal
