
Microsoft Visual Studio Solution File, Format Version 12.00
# Visual Studio Version 17
VisualStudioVersion = 17.4.33213.308
MinimumVisualStudioVersion = 10.0.40219.1
Project("{FAE04EC0-301F-11D3-BF4B-00C04F79EFBC}") = "TimeSpan", "TimeSpan\TimeSpan.csproj", "{CE7295D6-63E7-4B7F-9202-1C898DB21A63}"
EndProject
Global
	GlobalSection(SolutionConfigurationPlatforms) = preSolution
		Debug|Any CPU = Debug|Any CPU
		Release|Any CPU = Release|Any CPU
	EndGlobalSection
	GlobalSection(ProjectConfigurationPlatforms) = postSolution
		{CE7295D6-63E7-4B7F-9202-1C898DB21A63}.Debug|Any CPU.ActiveCfg = Debug|Any CPU
		{CE7295D6-63E7-4B7F-9202-1C898DB21A63}.Debug|Any CPU.Build.0 = Debug|Any CPU
		{CE7295D6-63E7-4B7F-9202-1C898DB21A63}.Release|Any CPU.ActiveCfg = Release|Any CPU
		{CE7295D6-63E7-4B7F-9202-1C898DB21A63}.Release|Any CPU.Build.0 = Release|Any CPU
	EndGlobalSection
	GlobalSection(SolutionProperties) = preSolution
		HideSolutionNode = FALSE
	EndGlobalSection
	GlobalSection(ExtensibilityGlobals) = postSolution
		SolutionGuid = {11F153DC-E8F9-4005-98A5-C560E56A16E5}
	EndGlobalSection
EndGlobal
