
Microsoft Visual Studio Solution File, Format Version 12.00
# Visual Studio Version 17
VisualStudioVersion = 17.4.33213.308
MinimumVisualStudioVersion = 10.0.40219.1
Project("{FAE04EC0-301F-11D3-BF4B-00C04F79EFBC}") = "ex4", "ex4\ex4.csproj", "{36BDA6F8-13B0-488B-8F89-07FDF52339DB}"
EndProject
Global
	GlobalSection(SolutionConfigurationPlatforms) = preSolution
		Debug|Any CPU = Debug|Any CPU
		Release|Any CPU = Release|Any CPU
	EndGlobalSection
	GlobalSection(ProjectConfigurationPlatforms) = postSolution
		{36BDA6F8-13B0-488B-8F89-07FDF52339DB}.Debug|Any CPU.ActiveCfg = Debug|Any CPU
		{36BDA6F8-13B0-488B-8F89-07FDF52339DB}.Debug|Any CPU.Build.0 = Debug|Any CPU
		{36BDA6F8-13B0-488B-8F89-07FDF52339DB}.Release|Any CPU.ActiveCfg = Release|Any CPU
		{36BDA6F8-13B0-488B-8F89-07FDF52339DB}.Release|Any CPU.Build.0 = Release|Any CPU
	EndGlobalSection
	GlobalSection(SolutionProperties) = preSolution
		HideSolutionNode = FALSE
	EndGlobalSection
	GlobalSection(ExtensibilityGlobals) = postSolution
		SolutionGuid = {DD243D44-2B64-469B-BD69-4D82A4F497B6}
	EndGlobalSection
EndGlobal
