
Microsoft Visual Studio Solution File, Format Version 12.00
# Visual Studio Version 17
VisualStudioVersion = 17.4.33213.308
MinimumVisualStudioVersion = 10.0.40219.1
Project("{FAE04EC0-301F-11D3-BF4B-00C04F79EFBC}") = "Arquivos", "Arquivos\Arquivos.csproj", "{CE8FF517-6BA0-457F-B1FF-012DDFA90C2D}"
EndProject
Global
	GlobalSection(SolutionConfigurationPlatforms) = preSolution
		Debug|Any CPU = Debug|Any CPU
		Release|Any CPU = Release|Any CPU
	EndGlobalSection
	GlobalSection(ProjectConfigurationPlatforms) = postSolution
		{CE8FF517-6BA0-457F-B1FF-012DDFA90C2D}.Debug|Any CPU.ActiveCfg = Debug|Any CPU
		{CE8FF517-6BA0-457F-B1FF-012DDFA90C2D}.Debug|Any CPU.Build.0 = Debug|Any CPU
		{CE8FF517-6BA0-457F-B1FF-012DDFA90C2D}.Release|Any CPU.ActiveCfg = Release|Any CPU
		{CE8FF517-6BA0-457F-B1FF-012DDFA90C2D}.Release|Any CPU.Build.0 = Release|Any CPU
	EndGlobalSection
	GlobalSection(SolutionProperties) = preSolution
		HideSolutionNode = FALSE
	EndGlobalSection
	GlobalSection(ExtensibilityGlobals) = postSolution
		SolutionGuid = {288DD6EE-6F09-4CE6-B19D-14D307391D37}
	EndGlobalSection
EndGlobal
